{
  "name": "jeopardy-game",
  "version": "1.0.0",
  "lockfileVersion": 1,
  "requires": true,
  "dependencies": {
    "@pixi/accessibility": {
      "version": "6.1.3",
      "resolved": "http://private-npm-repository.amira.services/@pixi%2faccessibility/-/accessibility-6.1.3.tgz",
      "integrity": "sha512-JK6rtqfC2/rnJt1xLPznH2lNH0Jx9f2Py7uh50VM1sqoYrkyAAegenbOdyEzgB35Q4oQji3aBkTsWn2mrwXp/g=="
    },
    "@pixi/app": {
      "version": "6.1.3",
      "resolved": "http://private-npm-repository.amira.services/@pixi%2fapp/-/app-6.1.3.tgz",
      "integrity": "sha512-gryDVXuzErRIgY5G2CRQH6fZM7Pk3m1CFEInXEKa4rmVzfwRz+3OeU0YNSnD9atPAS5C2TaAzE4yOSHH2+wESQ=="
    },
    "@pixi/compressed-textures": {
      "version": "6.1.3",
      "resolved": "http://private-npm-repository.amira.services/@pixi%2fcompressed-textures/-/compressed-textures-6.1.3.tgz",
      "integrity": "sha512-FO2B7GhDMlZA0fnpH2PvNOh6ZlRxQoJnNlpjzNw+x1nvF9h3+V6dbFoG9oBC5zAisTfacdfoo1TdT789Oh+kTg=="
    },
    "@pixi/constants": {
      "version": "6.1.3",
      "resolved": "http://private-npm-repository.amira.services/@pixi%2fconstants/-/constants-6.1.3.tgz",
      "integrity": "sha512-Qvz/SIxw+dQ6P9niOEdILWX2DQ5FnGA0XZNFLW/3amekzad/+WqHobL+Mg5S6A4/a9mXTnqjyB0BqhhtLfpFkA=="
    },
    "@pixi/core": {
      "version": "6.1.3",
      "resolved": "http://private-npm-repository.amira.services/@pixi%2fcore/-/core-6.1.3.tgz",
      "integrity": "sha512-UQsR1Q7c+Zcvtu6HrYMidvoyF/j9n3b4WXPh3ojuNV6+ZIvps3rznoZYaIx6foEJNhj7HM9fMObsimGP+FB36A=="
    },
    "@pixi/display": {
      "version": "6.1.3",
      "resolved": "http://private-npm-repository.amira.services/@pixi%2fdisplay/-/display-6.1.3.tgz",
      "integrity": "sha512-8/GdapJVKfl6PUkxX/Et5zB1aXny+uy353cQX886KJ6dGle82fQAYjIn7I6Xm+JiZWOhWo0N6KE9cjotO0rroA=="
    },
    "@pixi/extract": {
      "version": "6.1.3",
      "resolved": "http://private-npm-repository.amira.services/@pixi%2fextract/-/extract-6.1.3.tgz",
      "integrity": "sha512-yZOsXc9Lh+U59ayl+DoWDPmndrOJj5ft2nzENMAvz2rVEOHQjWxH73qCSP6Wa5VsoINyJLMmV4MTbI+U0SH7GA=="
    },
    "@pixi/filter-alpha": {
      "version": "6.1.3",
      "resolved": "http://private-npm-repository.amira.services/@pixi%2ffilter-alpha/-/filter-alpha-6.1.3.tgz",
      "integrity": "sha512-eubgEO/qlxQbuPXgwxTZxTBTWjA0EQbrs7TyPqyBK2Wj0eEvimaVQ8u4eiqfMFJCZLnuWDCAPJpP9bMHxBXXpQ=="
    },
    "@pixi/filter-blur": {
      "version": "6.1.3",
      "resolved": "http://private-npm-repository.amira.services/@pixi%2ffilter-blur/-/filter-blur-6.1.3.tgz",
      "integrity": "sha512-uo8FHpV+qm4SuXcDnWqZWrznHmLJ3b8ibgLAgi/e8VmwrFiC+EqGa4n4V8J+xtR5P/iA3lT5pRgWw09/xHN3dQ=="
    },
    "@pixi/filter-color-matrix": {
      "version": "6.1.3",
      "resolved": "http://private-npm-repository.amira.services/@pixi%2ffilter-color-matrix/-/filter-color-matrix-6.1.3.tgz",
      "integrity": "sha512-d1pyxmVrGDOrO5pINe+fTspj1NNxiIp2IZ+FGgT7e17xnxjXTvtk4n4KqXAZFS1NCoStImDAV5j+b8Lysdg5jQ=="
    },
    "@pixi/filter-displacement": {
      "version": "6.1.3",
      "resolved": "http://private-npm-repository.amira.services/@pixi%2ffilter-displacement/-/filter-displacement-6.1.3.tgz",
      "integrity": "sha512-tIXK8vXzb2unMxGmu4gjdlOwddnkHA0IJXFTOF25a5h36v/AHqWwWG4h5G775oPu37UuhuYjeD/j229t0Q9QNQ=="
    },
    "@pixi/filter-fxaa": {
      "version": "6.1.3",
      "resolved": "http://private-npm-repository.amira.services/@pixi%2ffilter-fxaa/-/filter-fxaa-6.1.3.tgz",
      "integrity": "sha512-yhKVxX5vFKQz3lxfqAGg4XoajFyIRR8XzWqEHgAsPMFRnIIQIbF25bMRygZj12P61z3vxwqAM/2bn7S46Ii1zQ=="
    },
    "@pixi/filter-noise": {
      "version": "6.1.3",
      "resolved": "http://private-npm-repository.amira.services/@pixi%2ffilter-noise/-/filter-noise-6.1.3.tgz",
      "integrity": "sha512-oVRtcJwbN6VnAnvXZuLEZ0c12JUzporao5AziXgRAUjTMA3bFVE0/7Dx193Kx/l6UAasmzhWQctuv6NMxy5Efw=="
    },
    "@pixi/graphics": {
      "version": "6.1.3",
      "resolved": "http://private-npm-repository.amira.services/@pixi%2fgraphics/-/graphics-6.1.3.tgz",
      "integrity": "sha512-e5O47yECRp5WXWIvKhLDQKpiak7CfIqJzuTuQIyE7jXp8QiJNw+aoWNlJEd4ksKbsDkP3EE39CxlmiaBpxNL3w=="
    },
    "@pixi/interaction": {
      "version": "6.1.3",
      "resolved": "http://private-npm-repository.amira.services/@pixi%2finteraction/-/interaction-6.1.3.tgz",
      "integrity": "sha512-ju3fE/KnO6KZChnZzZAdY6bfjlSh7/igZcVcd/MZRkAdNozx4QoN5sYmwrcvTvA5llMYaThSIRWgIHQiSlbOfQ=="
    },
    "@pixi/layers": {
      "version": "1.0.10",
      "resolved": "http://private-npm-repository.amira.services/@pixi%2flayers/-/layers-1.0.10.tgz",
      "integrity": "sha512-Oa1xqGEL5LieAd3aPrjwE4iQw8ZxRwKBWSQE/cRekrIhgSa63ez9U854AWrPFU0trAGlfdq9+rFj8XtKFLD62g=="
    },
    "@pixi/loaders": {
      "version": "6.1.3",
      "resolved": "http://private-npm-repository.amira.services/@pixi%2floaders/-/loaders-6.1.3.tgz",
      "integrity": "sha512-qOvy72bsVGzCmWyoofm6dm1l//hd+bJneidngplwsovpqnnyMfuewCpQjeLRL6rLqcHR40V1+Qo4iJ+ElMdVZQ=="
    },
    "@pixi/math": {
      "version": "6.1.3",
      "resolved": "http://private-npm-repository.amira.services/@pixi%2fmath/-/math-6.1.3.tgz",
      "integrity": "sha512-1bLZeHpG38Bz6TESwxayNbL7tztOd7gpZDXS5OiBB9n8SFZeKlWfRQ/aJrvjoBz2qsZf9gGeVKsHpC/FJz0qnA=="
    },
    "@pixi/mesh": {
      "version": "6.1.3",
      "resolved": "http://private-npm-repository.amira.services/@pixi%2fmesh/-/mesh-6.1.3.tgz",
      "integrity": "sha512-TF9eKNQdowozVOr4G05+Auku2EK8XwDXKYVvMYvt6Tsn2DLSrRhWl7xYyj4EuTjW/4eaP/c2QqY18cEMoMtJiQ=="
    },
    "@pixi/mesh-extras": {
      "version": "6.1.3",
      "resolved": "http://private-npm-repository.amira.services/@pixi%2fmesh-extras/-/mesh-extras-6.1.3.tgz",
      "integrity": "sha512-HuTV8SkTQZDU1bmHmJWRo+4Hiz89oCuOonE3ckfqsoAoULfImgU72qqNIq7Vxmnu3kXoXAwV+fvOl49OzWl4+w=="
    },
    "@pixi/mixin-cache-as-bitmap": {
      "version": "6.1.3",
      "resolved": "http://private-npm-repository.amira.services/@pixi%2fmixin-cache-as-bitmap/-/mixin-cache-as-bitmap-6.1.3.tgz",
      "integrity": "sha512-mEa0kn3Mou3KhbAUpaGnvmPz/ifI/41af1N6kVcTz1V8cu4BI/f74xLv5pKkQtp+xzWlquGo/2z9urkrRFD6qA=="
    },
    "@pixi/mixin-get-child-by-name": {
      "version": "6.1.3",
      "resolved": "http://private-npm-repository.amira.services/@pixi%2fmixin-get-child-by-name/-/mixin-get-child-by-name-6.1.3.tgz",
      "integrity": "sha512-HHrnA1MtsMSyW0lOnBlklHp7j3JGYHIyick4b8F8p8eKqOFiAVdLzf4tmX/fKF4zs6i7DuYKE8G9Z7vpAhyrFg=="
    },
    "@pixi/mixin-get-global-position": {
      "version": "6.1.3",
      "resolved": "http://private-npm-repository.amira.services/@pixi%2fmixin-get-global-position/-/mixin-get-global-position-6.1.3.tgz",
      "integrity": "sha512-XqhEyViMlGOS+p2LKW2tFjQy4ghbARKriwgY10MGvNApHHZbUDL3VKM1EmR6F2Xj8PPmycWRw/0oBu148O2KhQ=="
    },
    "@pixi/particle-container": {
      "version": "6.1.3",
      "resolved": "http://private-npm-repository.amira.services/@pixi%2fparticle-container/-/particle-container-6.1.3.tgz",
      "integrity": "sha512-pZqRRL5Yx2Yy30cdjsNEXRpTfl1WEf640ZLVHX2+fcKcWftPJaIXQZR+0aLvijyWF3VA4O/r/8IxhYgiMkqAUQ=="
    },
    "@pixi/polyfill": {
      "version": "6.1.3",
      "resolved": "http://private-npm-repository.amira.services/@pixi%2fpolyfill/-/polyfill-6.1.3.tgz",
      "integrity": "sha512-e+g2sHK/ORKDOrhJ86zZgdMSkQNzKdkaMw/UUFZ5wEUJgltoqF7H0zwNVPPO/1m7hfrN02PBMinYtXM+qFdY/A==",
      "requires": {
        "object-assign": "^4.1.1",
        "promise-polyfill": "^8.2.0"
      }
    },
    "@pixi/prepare": {
      "version": "6.1.3",
      "resolved": "http://private-npm-repository.amira.services/@pixi%2fprepare/-/prepare-6.1.3.tgz",
      "integrity": "sha512-zjv81fPJjdQyWGCbA9Ij04GfwJUYA3j6/vFyJFaDKVMqEWzNDJwu40G00P23BXh3F5dYL638EXvyLYDQavjseg=="
    },
    "@pixi/runner": {
      "version": "6.1.3",
      "resolved": "http://private-npm-repository.amira.services/@pixi%2frunner/-/runner-6.1.3.tgz",
      "integrity": "sha512-hJw7O9enlei7Cp5/j2REKuUjvyyC4BGqmVycmt01jTYyphRYMNQgyF+OjwrL7nidZMXnCVzfNKWi8e5+c4wssg=="
    },
    "@pixi/settings": {
      "version": "6.1.3",
      "resolved": "http://private-npm-repository.amira.services/@pixi%2fsettings/-/settings-6.1.3.tgz",
      "integrity": "sha512-laKwS4/R+bTQokKIeMeMO4orvSNTMWUpNRXJbDq7N29bCrA5pT6BW+LNZ+4gJs4TFK/s9bmP/xU5BlPVKHRoyg==",
      "requires": {
        "ismobilejs": "^1.1.0"
      }
    },
    "@pixi/sprite": {
      "version": "6.1.3",
      "resolved": "http://private-npm-repository.amira.services/@pixi%2fsprite/-/sprite-6.1.3.tgz",
      "integrity": "sha512-TzvqeRV+bbxFbucR74c28wcDsCbXic+5dONM+fy31ejAIraKbigzKbgHxH6opgLEMMh5APzmJPlwntYdEUGSXQ=="
    },
    "@pixi/sprite-animated": {
      "version": "6.1.3",
      "resolved": "http://private-npm-repository.amira.services/@pixi%2fsprite-animated/-/sprite-animated-6.1.3.tgz",
      "integrity": "sha512-COrFkmcMPxyv3zGRJJrNB2nOdaeDEOYTkbxUcNxMSJ7eT3O3PUX5XEvfOW7bl2zHkt8XraIQ66uwWychqGHx7Q=="
    },
    "@pixi/sprite-tiling": {
      "version": "6.1.3",
      "resolved": "http://private-npm-repository.amira.services/@pixi%2fsprite-tiling/-/sprite-tiling-6.1.3.tgz",
      "integrity": "sha512-om+RrModhNFljb8C1fhpGKtgt5k5AW9gCjFfeBPN+5pVdVjtc/luyO2Cbubpeow9YQldrUZri9it63GBo07Cfw=="
    },
    "@pixi/spritesheet": {
      "version": "6.1.3",
      "resolved": "http://private-npm-repository.amira.services/@pixi%2fspritesheet/-/spritesheet-6.1.3.tgz",
      "integrity": "sha512-QUqAYUzn/+0JlzrLo7ASIFzJSteGZuNMxKwyFL29JtttUIjdJlXe3+jrfUMAu6gewYd9HVYkXJ0ODhH8PH6KpA=="
    },
    "@pixi/text": {
      "version": "6.1.3",
      "resolved": "http://private-npm-repository.amira.services/@pixi%2ftext/-/text-6.1.3.tgz",
      "integrity": "sha512-R0D3cbwwLbQOfobja4NGhq0bF7biCfNE3PXsOmTEsWOroVJqUexIob5XZXoT9Avy3B8nlrB2Hyl5imIQx60jFw=="
    },
    "@pixi/text-bitmap": {
      "version": "6.1.3",
      "resolved": "http://private-npm-repository.amira.services/@pixi%2ftext-bitmap/-/text-bitmap-6.1.3.tgz",
      "integrity": "sha512-x46qOVoosl67dBrG3mgd2eQx3A9NTxWUnzgRpk5vsNfLLNRu6XlM+YoscRMuHT5sLEEBLewjcVxzAAkrSW45eQ=="
    },
    "@pixi/ticker": {
      "version": "6.1.3",
      "resolved": "http://private-npm-repository.amira.services/@pixi%2fticker/-/ticker-6.1.3.tgz",
      "integrity": "sha512-ZSuhe5HrmkDoqSIZjETUGYCQr/EbtDQGngq0LQLAgblyhAJbi4p/B3uf2XGfRNZ7Tdxdl0j81BmUqBEu2+DeoA=="
    },
    "@pixi/utils": {
      "version": "6.1.3",
      "resolved": "http://private-npm-repository.amira.services/@pixi%2futils/-/utils-6.1.3.tgz",
      "integrity": "sha512-05mm9TBbpYorYO3ALC4CVgR5K6sA/0uhnwE/Zl4ZhNJZN699LrIr0OWFQhxhySeGUPMDaizeEZpn2rhx+CYYpg==",
      "requires": {
        "@types/earcut": "^2.1.0",
        "earcut": "^2.2.2",
        "eventemitter3": "^3.1.0",
        "url": "^0.11.0"
      }
    },
    "@types/earcut": {
      "version": "2.1.1",
      "resolved": "http://private-npm-repository.amira.services/@types%2fearcut/-/earcut-2.1.1.tgz",
      "integrity": "sha512-w8oigUCDjElRHRRrMvn/spybSMyX8MTkKA5Dv+tS1IE/TgmNZPqUYtvYBXGY8cieSE66gm+szeK+bnbxC2xHTQ=="
    },
    "@types/eslint": {
      "version": "7.28.2",
      "resolved": "http://private-npm-repository.amira.services/@types%2feslint/-/eslint-7.28.2.tgz",
      "integrity": "sha512-KubbADPkfoU75KgKeKLsFHXnU4ipH7wYg0TRT33NK3N3yiu7jlFAAoygIWBV+KbuHx/G+AvuGX6DllnK35gfJA==",
      "dev": true,
      "requires": {
        "@types/estree": "*",
        "@types/json-schema": "*"
      }
    },
    "@types/eslint-scope": {
      "version": "3.7.1",
      "resolved": "http://private-npm-repository.amira.services/@types%2feslint-scope/-/eslint-scope-3.7.1.tgz",
      "integrity": "sha512-SCFeogqiptms4Fg29WpOTk5nHIzfpKCemSN63ksBQYKTcXoJEmJagV+DhVmbapZzY4/5YaOV1nZwrsU79fFm1g==",
      "dev": true,
      "requires": {
        "@types/eslint": "*",
        "@types/estree": "*"
      }
    },
    "@types/estree": {
      "version": "0.0.50",
      "resolved": "http://private-npm-repository.amira.services/@types%2festree/-/estree-0.0.50.tgz",
      "integrity": "sha512-C6N5s2ZFtuZRj54k2/zyRhNDjJwwcViAM3Nbm8zjBpbqAdZ00mr0CFxvSKeO8Y/e03WVFLpQMdHYVfUd6SB+Hw==",
      "dev": true
    },
    "@types/json-schema": {
      "version": "7.0.9",
      "resolved": "http://private-npm-repository.amira.services/@types%2fjson-schema/-/json-schema-7.0.9.tgz",
      "integrity": "sha512-qcUXuemtEu+E5wZSJHNxUXeCZhAfXKQ41D+duX+VYPde7xyEVZci+/oXKJL13tnRs9lR2pr4fod59GT6/X1/yQ==",
      "dev": true
    },
    "@types/node": {
      "version": "16.11.4",
      "resolved": "http://private-npm-repository.amira.services/@types%2fnode/-/node-16.11.4.tgz",
      "integrity": "sha512-TMgXmy0v2xWyuCSCJM6NCna2snndD8yvQF67J29ipdzMcsPa9u+o0tjF5+EQNdhcuZplYuouYqpc4zcd5I6amQ==",
      "dev": true
    },
    "@webassemblyjs/ast": {
      "version": "1.11.1",
      "resolved": "http://private-npm-repository.amira.services/@webassemblyjs%2fast/-/ast-1.11.1.tgz",
      "integrity": "sha512-ukBh14qFLjxTQNTXocdyksN5QdM28S1CxHt2rdskFyL+xFV7VremuBLVbmCePj+URalXBENx/9Lm7lnhihtCSw==",
      "dev": true,
      "requires": {
        "@webassemblyjs/helper-numbers": "1.11.1",
        "@webassemblyjs/helper-wasm-bytecode": "1.11.1"
      }
    },
    "@webassemblyjs/floating-point-hex-parser": {
      "version": "1.11.1",
      "resolved": "http://private-npm-repository.amira.services/@webassemblyjs%2ffloating-point-hex-parser/-/floating-point-hex-parser-1.11.1.tgz",
      "integrity": "sha512-iGRfyc5Bq+NnNuX8b5hwBrRjzf0ocrJPI6GWFodBFzmFnyvrQ83SHKhmilCU/8Jv67i4GJZBMhEzltxzcNagtQ==",
      "dev": true
    },
    "@webassemblyjs/helper-api-error": {
      "version": "1.11.1",
      "resolved": "http://private-npm-repository.amira.services/@webassemblyjs%2fhelper-api-error/-/helper-api-error-1.11.1.tgz",
      "integrity": "sha512-RlhS8CBCXfRUR/cwo2ho9bkheSXG0+NwooXcc3PAILALf2QLdFyj7KGsKRbVc95hZnhnERon4kW/D3SZpp6Tcg==",
      "dev": true
    },
    "@webassemblyjs/helper-buffer": {
      "version": "1.11.1",
      "resolved": "http://private-npm-repository.amira.services/@webassemblyjs%2fhelper-buffer/-/helper-buffer-1.11.1.tgz",
      "integrity": "sha512-gwikF65aDNeeXa8JxXa2BAk+REjSyhrNC9ZwdT0f8jc4dQQeDQ7G4m0f2QCLPJiMTTO6wfDmRmj/pW0PsUvIcA==",
      "dev": true
    },
    "@webassemblyjs/helper-numbers": {
      "version": "1.11.1",
      "resolved": "http://private-npm-repository.amira.services/@webassemblyjs%2fhelper-numbers/-/helper-numbers-1.11.1.tgz",
      "integrity": "sha512-vDkbxiB8zfnPdNK9Rajcey5C0w+QJugEglN0of+kmO8l7lDb77AnlKYQF7aarZuCrv+l0UvqL+68gSDr3k9LPQ==",
      "dev": true,
      "requires": {
        "@webassemblyjs/floating-point-hex-parser": "1.11.1",
        "@webassemblyjs/helper-api-error": "1.11.1",
        "@xtuc/long": "4.2.2"
      }
    },
    "@webassemblyjs/helper-wasm-bytecode": {
      "version": "1.11.1",
      "resolved": "http://private-npm-repository.amira.services/@webassemblyjs%2fhelper-wasm-bytecode/-/helper-wasm-bytecode-1.11.1.tgz",
      "integrity": "sha512-PvpoOGiJwXeTrSf/qfudJhwlvDQxFgelbMqtq52WWiXC6Xgg1IREdngmPN3bs4RoO83PnL/nFrxucXj1+BX62Q==",
      "dev": true
    },
    "@webassemblyjs/helper-wasm-section": {
      "version": "1.11.1",
      "resolved": "http://private-npm-repository.amira.services/@webassemblyjs%2fhelper-wasm-section/-/helper-wasm-section-1.11.1.tgz",
      "integrity": "sha512-10P9No29rYX1j7F3EVPX3JvGPQPae+AomuSTPiF9eBQeChHI6iqjMIwR9JmOJXwpnn/oVGDk7I5IlskuMwU/pg==",
      "dev": true,
      "requires": {
        "@webassemblyjs/ast": "1.11.1",
        "@webassemblyjs/helper-buffer": "1.11.1",
        "@webassemblyjs/helper-wasm-bytecode": "1.11.1",
        "@webassemblyjs/wasm-gen": "1.11.1"
      }
    },
    "@webassemblyjs/ieee754": {
      "version": "1.11.1",
      "resolved": "http://private-npm-repository.amira.services/@webassemblyjs%2fieee754/-/ieee754-1.11.1.tgz",
      "integrity": "sha512-hJ87QIPtAMKbFq6CGTkZYJivEwZDbQUgYd3qKSadTNOhVY7p+gfP6Sr0lLRVTaG1JjFj+r3YchoqRYxNH3M0GQ==",
      "dev": true,
      "requires": {
        "@xtuc/ieee754": "^1.2.0"
      }
    },
    "@webassemblyjs/leb128": {
      "version": "1.11.1",
      "resolved": "http://private-npm-repository.amira.services/@webassemblyjs%2fleb128/-/leb128-1.11.1.tgz",
      "integrity": "sha512-BJ2P0hNZ0u+Th1YZXJpzW6miwqQUGcIHT1G/sf72gLVD9DZ5AdYTqPNbHZh6K1M5VmKvFXwGSWZADz+qBWxeRw==",
      "dev": true,
      "requires": {
        "@xtuc/long": "4.2.2"
      }
    },
    "@webassemblyjs/utf8": {
      "version": "1.11.1",
      "resolved": "http://private-npm-repository.amira.services/@webassemblyjs%2futf8/-/utf8-1.11.1.tgz",
      "integrity": "sha512-9kqcxAEdMhiwQkHpkNiorZzqpGrodQQ2IGrHHxCy+Ozng0ofyMA0lTqiLkVs1uzTRejX+/O0EOT7KxqVPuXosQ==",
      "dev": true
    },
    "@webassemblyjs/wasm-edit": {
      "version": "1.11.1",
      "resolved": "http://private-npm-repository.amira.services/@webassemblyjs%2fwasm-edit/-/wasm-edit-1.11.1.tgz",
      "integrity": "sha512-g+RsupUC1aTHfR8CDgnsVRVZFJqdkFHpsHMfJuWQzWU3tvnLC07UqHICfP+4XyL2tnr1amvl1Sdp06TnYCmVkA==",
      "dev": true,
      "requires": {
        "@webassemblyjs/ast": "1.11.1",
        "@webassemblyjs/helper-buffer": "1.11.1",
        "@webassemblyjs/helper-wasm-bytecode": "1.11.1",
        "@webassemblyjs/helper-wasm-section": "1.11.1",
        "@webassemblyjs/wasm-gen": "1.11.1",
        "@webassemblyjs/wasm-opt": "1.11.1",
        "@webassemblyjs/wasm-parser": "1.11.1",
        "@webassemblyjs/wast-printer": "1.11.1"
      }
    },
    "@webassemblyjs/wasm-gen": {
      "version": "1.11.1",
      "resolved": "http://private-npm-repository.amira.services/@webassemblyjs%2fwasm-gen/-/wasm-gen-1.11.1.tgz",
      "integrity": "sha512-F7QqKXwwNlMmsulj6+O7r4mmtAlCWfO/0HdgOxSklZfQcDu0TpLiD1mRt/zF25Bk59FIjEuGAIyn5ei4yMfLhA==",
      "dev": true,
      "requires": {
        "@webassemblyjs/ast": "1.11.1",
        "@webassemblyjs/helper-wasm-bytecode": "1.11.1",
        "@webassemblyjs/ieee754": "1.11.1",
        "@webassemblyjs/leb128": "1.11.1",
        "@webassemblyjs/utf8": "1.11.1"
      }
    },
    "@webassemblyjs/wasm-opt": {
      "version": "1.11.1",
      "resolved": "http://private-npm-repository.amira.services/@webassemblyjs%2fwasm-opt/-/wasm-opt-1.11.1.tgz",
      "integrity": "sha512-VqnkNqnZlU5EB64pp1l7hdm3hmQw7Vgqa0KF/KCNO9sIpI6Fk6brDEiX+iCOYrvMuBWDws0NkTOxYEb85XQHHw==",
      "dev": true,
      "requires": {
        "@webassemblyjs/ast": "1.11.1",
        "@webassemblyjs/helper-buffer": "1.11.1",
        "@webassemblyjs/wasm-gen": "1.11.1",
        "@webassemblyjs/wasm-parser": "1.11.1"
      }
    },
    "@webassemblyjs/wasm-parser": {
      "version": "1.11.1",
      "resolved": "http://private-npm-repository.amira.services/@webassemblyjs%2fwasm-parser/-/wasm-parser-1.11.1.tgz",
      "integrity": "sha512-rrBujw+dJu32gYB7/Lup6UhdkPx9S9SnobZzRVL7VcBH9Bt9bCBLEuX/YXOOtBsOZ4NQrRykKhffRWHvigQvOA==",
      "dev": true,
      "requires": {
        "@webassemblyjs/ast": "1.11.1",
        "@webassemblyjs/helper-api-error": "1.11.1",
        "@webassemblyjs/helper-wasm-bytecode": "1.11.1",
        "@webassemblyjs/ieee754": "1.11.1",
        "@webassemblyjs/leb128": "1.11.1",
        "@webassemblyjs/utf8": "1.11.1"
      }
    },
    "@webassemblyjs/wast-printer": {
      "version": "1.11.1",
      "resolved": "http://private-npm-repository.amira.services/@webassemblyjs%2fwast-printer/-/wast-printer-1.11.1.tgz",
      "integrity": "sha512-IQboUWM4eKzWW+N/jij2sRatKMh99QEelo3Eb2q0qXkvPRISAj8Qxtmw5itwqK+TTkBuUIE45AxYPToqPtL5gg==",
      "dev": true,
      "requires": {
        "@webassemblyjs/ast": "1.11.1",
        "@xtuc/long": "4.2.2"
      }
    },
    "@xtuc/ieee754": {
      "version": "1.2.0",
      "resolved": "http://private-npm-repository.amira.services/@xtuc%2fieee754/-/ieee754-1.2.0.tgz",
      "integrity": "sha512-DX8nKgqcGwsc0eJSqYt5lwP4DH5FlHnmuWWBRy7X0NcaGR0ZtuyeESgMwTYVEtxmsNGY+qit4QYT/MIYTOTPeA==",
      "dev": true
    },
    "@xtuc/long": {
      "version": "4.2.2",
      "resolved": "http://private-npm-repository.amira.services/@xtuc%2flong/-/long-4.2.2.tgz",
      "integrity": "sha512-NuHqBY1PB/D8xU6s/thBgOAiAP7HOYDQ32+BFZILJ8ivkUkAHQnWfn6WhL79Owj1qmUnoN/YPhktdIoucipkAQ==",
      "dev": true
    },
    "acorn": {
      "version": "8.5.0",
      "resolved": "http://private-npm-repository.amira.services/acorn/-/acorn-8.5.0.tgz",
      "integrity": "sha512-yXbYeFy+jUuYd3/CDcg2NkIYE991XYX/bje7LmjJigUciaeO1JR4XxXgCIV1/Zc/dRuFEyw1L0pbA+qynJkW5Q==",
      "dev": true
    },
    "acorn-import-assertions": {
      "version": "1.8.0",
      "resolved": "http://private-npm-repository.amira.services/acorn-import-assertions/-/acorn-import-assertions-1.8.0.tgz",
      "integrity": "sha512-m7VZ3jwz4eK6A4Vtt8Ew1/mNbP24u0FhdyfA7fSvnJR6LMdfOYnmuIrrJAgrYfYJ10F/otaHTtrtrtmHdMNzEw==",
      "dev": true
    },
    "ajv": {
      "version": "6.12.6",
      "resolved": "http://private-npm-repository.amira.services/ajv/-/ajv-6.12.6.tgz",
      "integrity": "sha512-j3fVLgvTo527anyYyJOGTYJbG+vnnQYvE0m5mmkc1TK+nxAppkCLMIL0aZ4dblVCNoGShhm+kzE4ZUykBoMg4g==",
      "dev": true,
      "requires": {
        "fast-deep-equal": "^3.1.1",
        "fast-json-stable-stringify": "^2.0.0",
        "json-schema-traverse": "^0.4.1",
        "uri-js": "^4.2.2"
      }
    },
    "ajv-keywords": {
      "version": "3.5.2",
      "resolved": "http://private-npm-repository.amira.services/ajv-keywords/-/ajv-keywords-3.5.2.tgz",
      "integrity": "sha512-5p6WTN0DdTGVQk6VjcEju19IgaHudalcfabD7yhDGeA6bcQnmL+CpveLJq/3hvfwd1aof6L386Ougkx6RfyMIQ==",
      "dev": true
    },
    "browserslist": {
      "version": "4.17.5",
      "resolved": "http://private-npm-repository.amira.services/browserslist/-/browserslist-4.17.5.tgz",
      "integrity": "sha512-I3ekeB92mmpctWBoLXe0d5wPS2cBuRvvW0JyyJHMrk9/HmP2ZjrTboNAZ8iuGqaEIlKguljbQY32OkOJIRrgoA==",
      "dev": true,
      "requires": {
        "caniuse-lite": "^1.0.30001271",
        "electron-to-chromium": "^1.3.878",
        "escalade": "^3.1.1",
        "node-releases": "^2.0.1",
        "picocolors": "^1.0.0"
      }
    },
    "buffer-from": {
      "version": "1.1.2",
      "resolved": "http://private-npm-repository.amira.services/buffer-from/-/buffer-from-1.1.2.tgz",
      "integrity": "sha512-E+XQCRwSbaaiChtv6k6Dwgc+bx+Bs6vuKJHHl5kox/BaKbhiXzqQOwK4cO22yElGp2OCmjwVhT3HmxgyPGnJfQ==",
      "dev": true
    },
    "caniuse-lite": {
      "version": "1.0.30001271",
      "resolved": "http://private-npm-repository.amira.services/caniuse-lite/-/caniuse-lite-1.0.30001271.tgz",
      "integrity": "sha512-BBruZFWmt3HFdVPS8kceTBIguKxu4f99n5JNp06OlPD/luoAMIaIK5ieV5YjnBLH3Nysai9sxj9rpJj4ZisXOA==",
      "dev": true
    },
    "chrome-trace-event": {
      "version": "1.0.3",
      "resolved": "http://private-npm-repository.amira.services/chrome-trace-event/-/chrome-trace-event-1.0.3.tgz",
      "integrity": "sha512-p3KULyQg4S7NIHixdwbGX+nFHkoBiA4YQmyWtjb8XngSKV124nJmRysgAeujbUVb15vh+RvFUfCPqU7rXk+hZg==",
      "dev": true
    },
    "commander": {
      "version": "2.20.3",
      "resolved": "http://private-npm-repository.amira.services/commander/-/commander-2.20.3.tgz",
      "integrity": "sha512-GpVkmM8vF2vQUkj2LvZmD35JxeJOLCwJ9cUkugyk2nuhbv3+mJvpLYYt+0+USMxE+oj+ey/lJEnhZw75x/OMcQ==",
      "dev": true
    },
    "earcut": {
      "version": "2.2.3",
      "resolved": "http://private-npm-repository.amira.services/earcut/-/earcut-2.2.3.tgz",
      "integrity": "sha512-iRDI1QeCQIhMCZk48DRDMVgQSSBDmbzzNhnxIo+pwx3swkfjMh6vh0nWLq1NdvGHLKH6wIrAM3vQWeTj6qeoug=="
    },
    "electron-to-chromium": {
      "version": "1.3.878",
      "resolved": "http://private-npm-repository.amira.services/electron-to-chromium/-/electron-to-chromium-1.3.878.tgz",
      "integrity": "sha512-O6yxWCN9ph2AdspAIszBnd9v8s11hQx8ub9w4UGApzmNRnoKhbulOWqbO8THEQec/aEHtvy+donHZMlh6l1rbA==",
      "dev": true
    },
    "enhanced-resolve": {
      "version": "5.8.3",
      "resolved": "http://private-npm-repository.amira.services/enhanced-resolve/-/enhanced-resolve-5.8.3.tgz",
      "integrity": "sha512-EGAbGvH7j7Xt2nc0E7D99La1OiEs8LnyimkRgwExpUMScN6O+3x9tIWs7PLQZVNx4YD+00skHXPXi1yQHpAmZA==",
      "dev": true,
      "requires": {
        "graceful-fs": "^4.2.4",
        "tapable": "^2.2.0"
      }
    },
    "es-module-lexer": {
      "version": "0.9.3",
      "resolved": "http://private-npm-repository.amira.services/es-module-lexer/-/es-module-lexer-0.9.3.tgz",
      "integrity": "sha512-1HQ2M2sPtxwnvOvT1ZClHyQDiggdNjURWpY2we6aMKCQiUVxTmVs2UYPLIrD84sS+kMdUwfBSylbJPwNnBrnHQ==",
      "dev": true
    },
    "escalade": {
      "version": "3.1.1",
      "resolved": "http://private-npm-repository.amira.services/escalade/-/escalade-3.1.1.tgz",
      "integrity": "sha512-k0er2gUkLf8O0zKJiAhmkTnJlTvINGv7ygDNPbeIsX/TJjGJZHuh9B2UxbsaEkmlEo9MfhrSzmhIlhRlI2GXnw==",
      "dev": true
    },
    "eslint-scope": {
      "version": "5.1.1",
      "resolved": "http://private-npm-repository.amira.services/eslint-scope/-/eslint-scope-5.1.1.tgz",
      "integrity": "sha512-2NxwbF/hZ0KpepYN0cNbo+FN6XoK7GaHlQhgx/hIZl6Va0bF45RQOOwhLIy8lQDbuCiadSLCBnH2CFYquit5bw==",
      "dev": true,
      "requires": {
        "esrecurse": "^4.3.0",
        "estraverse": "^4.1.1"
      }
    },
    "esrecurse": {
      "version": "4.3.0",
      "resolved": "http://private-npm-repository.amira.services/esrecurse/-/esrecurse-4.3.0.tgz",
      "integrity": "sha512-KmfKL3b6G+RXvP8N1vr3Tq1kL/oCFgn2NYXEtqP8/L3pKapUA4G8cFVaoF3SU323CD4XypR/ffioHmkti6/Tag==",
      "dev": true,
      "requires": {
        "estraverse": "^5.2.0"
      },
      "dependencies": {
        "estraverse": {
          "version": "5.2.0",
          "resolved": "http://private-npm-repository.amira.services/estraverse/-/estraverse-5.2.0.tgz",
          "integrity": "sha512-BxbNGGNm0RyRYvUdHpIwv9IWzeM9XClbOxwoATuFdOE7ZE6wHL+HQ5T8hoPM+zHvmKzzsEqhgy0GrQ5X13afiQ==",
          "dev": true
        }
      }
    },
    "estraverse": {
      "version": "4.3.0",
      "resolved": "http://private-npm-repository.amira.services/estraverse/-/estraverse-4.3.0.tgz",
      "integrity": "sha512-39nnKffWz8xN1BU/2c79n9nB9HDzo0niYUqx6xyqUnyoAnQyyWpOTdZEeiCch8BBu515t4wp9ZmgVfVhn9EBpw==",
      "dev": true
    },
    "eventemitter3": {
      "version": "3.1.2",
      "resolved": "http://private-npm-repository.amira.services/eventemitter3/-/eventemitter3-3.1.2.tgz",
      "integrity": "sha512-tvtQIeLVHjDkJYnzf2dgVMxfuSGJeM/7UCG17TT4EumTfNtF+0nebF/4zWOIkCreAbtNqhGEboB6BWrwqNaw4Q=="
    },
    "events": {
      "version": "3.3.0",
      "resolved": "http://private-npm-repository.amira.services/events/-/events-3.3.0.tgz",
      "integrity": "sha512-mQw+2fkQbALzQ7V0MY0IqdnXNOeTtP4r0lN9z7AAawCXgqea7bDii20AYrIBrFd/Hx0M2Ocz6S111CaFkUcb0Q==",
      "dev": true
    },
    "fast-deep-equal": {
      "version": "3.1.3",
      "resolved": "http://private-npm-repository.amira.services/fast-deep-equal/-/fast-deep-equal-3.1.3.tgz",
      "integrity": "sha512-f3qQ9oQy9j2AhBe/H9VC91wLmKBCCU/gDOnKNAYG5hswO7BLKj09Hc5HYNz9cGI++xlpDCIgDaitVs03ATR84Q==",
      "dev": true
    },
    "fast-json-stable-stringify": {
      "version": "2.1.0",
      "resolved": "http://private-npm-repository.amira.services/fast-json-stable-stringify/-/fast-json-stable-stringify-2.1.0.tgz",
      "integrity": "sha512-lhd/wF+Lk98HZoTCtlVraHtfh5XYijIjalXck7saUtuanSDyLMxnHhSXEDJqHxD7msR8D0uCmqlkwjCV8xvwHw==",
      "dev": true
    },
    "glob-to-regexp": {
      "version": "0.4.1",
      "resolved": "http://private-npm-repository.amira.services/glob-to-regexp/-/glob-to-regexp-0.4.1.tgz",
      "integrity": "sha512-lkX1HJXwyMcprw/5YUZc2s7DrpAiHB21/V+E1rHUrVNokkvB6bqMzT0VfV6/86ZNabt1k14YOIaT7nDvOX3Iiw==",
      "dev": true
    },
    "graceful-fs": {
      "version": "4.2.8",
      "resolved": "http://private-npm-repository.amira.services/graceful-fs/-/graceful-fs-4.2.8.tgz",
      "integrity": "sha512-qkIilPUYcNhJpd33n0GBXTB1MMPp14TxEsEs0pTrsSVucApsYzW5V+Q8Qxhik6KU3evy+qkAAowTByymK0avdg==",
      "dev": true
    },
    "has-flag": {
      "version": "4.0.0",
      "resolved": "http://private-npm-repository.amira.services/has-flag/-/has-flag-4.0.0.tgz",
      "integrity": "sha512-EykJT/Q1KjTWctppgIAgfSO0tKVuZUjhgMr17kqTumMl6Afv3EISleU7qZUzoXDFTAHTDC4NOoG/ZxU3EvlMPQ==",
      "dev": true
    },
    "howler": {
      "version": "2.2.3",
      "resolved": "http://private-npm-repository.amira.services/howler/-/howler-2.2.3.tgz",
      "integrity": "sha512-QM0FFkw0LRX1PR8pNzJVAY25JhIWvbKMBFM4gqk+QdV+kPXOhleWGCB6AiAF/goGjIHK2e/nIElplvjQwhr0jg=="
    },
    "ismobilejs": {
      "version": "1.1.1",
      "resolved": "http://private-npm-repository.amira.services/ismobilejs/-/ismobilejs-1.1.1.tgz",
      "integrity": "sha512-VaFW53yt8QO61k2WJui0dHf4SlL8lxBofUuUmwBo0ljPk0Drz2TiuDW4jo3wDcv41qy/SxrJ+VAzJ/qYqsmzRw=="
    },
    "jest-worker": {
      "version": "27.3.1",
      "resolved": "http://private-npm-repository.amira.services/jest-worker/-/jest-worker-27.3.1.tgz",
      "integrity": "sha512-ks3WCzsiZaOPJl/oMsDjaf0TRiSv7ctNgs0FqRr2nARsovz6AWWy4oLElwcquGSz692DzgZQrCLScPNs5YlC4g==",
      "dev": true,
      "requires": {
        "@types/node": "*",
        "merge-stream": "^2.0.0",
        "supports-color": "^8.0.0"
      }
    },
    "json-parse-better-errors": {
      "version": "1.0.2",
      "resolved": "http://private-npm-repository.amira.services/json-parse-better-errors/-/json-parse-better-errors-1.0.2.tgz",
      "integrity": "sha512-mrqyZKfX5EhL7hvqcV6WG1yYjnjeuYDzDhhcAAUrq8Po85NBQBJP+ZDUT75qZQ98IkUoBqdkExkukOU7Ts2wrw==",
      "dev": true
    },
    "json-schema-traverse": {
      "version": "0.4.1",
      "resolved": "http://private-npm-repository.amira.services/json-schema-traverse/-/json-schema-traverse-0.4.1.tgz",
      "integrity": "sha512-xbbCH5dCYU5T8LcEhhuh7HJ88HXuW3qsI3Y0zOZFKfZEHcpWiHU/Jxzk629Brsab/mMiHQti9wMP+845RPe3Vg==",
      "dev": true
    },
    "loader-runner": {
      "version": "4.2.0",
      "resolved": "http://private-npm-repository.amira.services/loader-runner/-/loader-runner-4.2.0.tgz",
      "integrity": "sha512-92+huvxMvYlMzMt0iIOukcwYBFpkYJdpl2xsZ7LrlayO7E8SOv+JJUEK17B/dJIHAOLMfh2dZZ/Y18WgmGtYNw==",
      "dev": true
    },
    "merge-stream": {
      "version": "2.0.0",
      "resolved": "http://private-npm-repository.amira.services/merge-stream/-/merge-stream-2.0.0.tgz",
      "integrity": "sha512-abv/qOcuPfk3URPfDzmZU1LKmuw8kT+0nIHvKrKgFrwifol/doWcdA4ZqsWQ8ENrFKkd67Mfpo/LovbIUsbt3w==",
      "dev": true
    },
    "mime-db": {
      "version": "1.50.0",
      "resolved": "http://private-npm-repository.amira.services/mime-db/-/mime-db-1.50.0.tgz",
      "integrity": "sha512-9tMZCDlYHqeERXEHO9f/hKfNXhre5dK2eE/krIvUjZbS2KPcqGDfNShIWS1uW9XOTKQKqK6qbeOci18rbfW77A==",
      "dev": true
    },
    "mime-types": {
      "version": "2.1.33",
      "resolved": "http://private-npm-repository.amira.services/mime-types/-/mime-types-2.1.33.tgz",
      "integrity": "sha512-plLElXp7pRDd0bNZHw+nMd52vRYjLwQjygaNg7ddJ2uJtTlmnTCjWuPKxVu6//AdaRuME84SvLW91sIkBqGT0g==",
      "dev": true,
      "requires": {
        "mime-db": "1.50.0"
      }
    },
    "neo-async": {
      "version": "2.6.2",
      "resolved": "http://private-npm-repository.amira.services/neo-async/-/neo-async-2.6.2.tgz",
      "integrity": "sha512-Yd3UES5mWCSqR+qNT93S3UoYUkqAZ9lLg8a7g9rimsWmYGK8cVToA4/sF3RrshdyV3sAGMXVUmpMYOw+dLpOuw==",
      "dev": true
    },
    "node-releases": {
      "version": "2.0.1",
      "resolved": "http://private-npm-repository.amira.services/node-releases/-/node-releases-2.0.1.tgz",
      "integrity": "sha512-CqyzN6z7Q6aMeF/ktcMVTzhAHCEpf8SOarwpzpf8pNBY2k5/oM34UHldUwp8VKI7uxct2HxSRdJjBaZeESzcxA==",
      "dev": true
    },
    "object-assign": {
      "version": "4.1.1",
      "resolved": "http://private-npm-repository.amira.services/object-assign/-/object-assign-4.1.1.tgz",
      "integrity": "sha1-IQmtx5ZYh8/AXLvUQsrIv7s2CGM="
    },
    "p-limit": {
      "version": "3.1.0",
      "resolved": "http://private-npm-repository.amira.services/p-limit/-/p-limit-3.1.0.tgz",
      "integrity": "sha512-TYOanM3wGwNGsZN2cVTYPArw454xnXj5qmWF1bEoAc4+cU/ol7GVh7odevjp1FNHduHc3KZMcFduxU5Xc6uJRQ==",
      "dev": true,
      "requires": {
        "yocto-queue": "^0.1.0"
      }
    },
    "picocolors": {
      "version": "1.0.0",
      "resolved": "http://private-npm-repository.amira.services/picocolors/-/picocolors-1.0.0.tgz",
      "integrity": "sha512-1fygroTLlHu66zi26VoTDv8yRgm0Fccecssto+MhsZ0D/DGW2sm8E8AjW7NU5VVTRt5GxbeZ5qBuJr+HyLYkjQ==",
      "dev": true
    },
    "pixi.js": {
      "version": "6.1.3",
      "resolved": "http://private-npm-repository.amira.services/pixi.js/-/pixi.js-6.1.3.tgz",
      "integrity": "sha512-h8Y/YVgP4CSPoUQvXaQvQf5GyQxi0b1NtVD38bZQsrX4CQ3r85jBU+zPyHN0fAcvhCB+nNvdD2sEwhhqkNsuSw==",
      "requires": {
        "@pixi/accessibility": "6.1.3",
        "@pixi/app": "6.1.3",
        "@pixi/compressed-textures": "6.1.3",
        "@pixi/constants": "6.1.3",
        "@pixi/core": "6.1.3",
        "@pixi/display": "6.1.3",
        "@pixi/extract": "6.1.3",
        "@pixi/filter-alpha": "6.1.3",
        "@pixi/filter-blur": "6.1.3",
        "@pixi/filter-color-matrix": "6.1.3",
        "@pixi/filter-displacement": "6.1.3",
        "@pixi/filter-fxaa": "6.1.3",
        "@pixi/filter-noise": "6.1.3",
        "@pixi/graphics": "6.1.3",
        "@pixi/interaction": "6.1.3",
        "@pixi/loaders": "6.1.3",
        "@pixi/math": "6.1.3",
        "@pixi/mesh": "6.1.3",
        "@pixi/mesh-extras": "6.1.3",
        "@pixi/mixin-cache-as-bitmap": "6.1.3",
        "@pixi/mixin-get-child-by-name": "6.1.3",
        "@pixi/mixin-get-global-position": "6.1.3",
        "@pixi/particle-container": "6.1.3",
        "@pixi/polyfill": "6.1.3",
        "@pixi/prepare": "6.1.3",
        "@pixi/runner": "6.1.3",
        "@pixi/settings": "6.1.3",
        "@pixi/sprite": "6.1.3",
        "@pixi/sprite-animated": "6.1.3",
        "@pixi/sprite-tiling": "6.1.3",
        "@pixi/spritesheet": "6.1.3",
        "@pixi/text": "6.1.3",
        "@pixi/text-bitmap": "6.1.3",
        "@pixi/ticker": "6.1.3",
        "@pixi/utils": "6.1.3"
      }
    },
    "promise-polyfill": {
      "version": "8.2.1",
      "resolved": "http://private-npm-repository.amira.services/promise-polyfill/-/promise-polyfill-8.2.1.tgz",
      "integrity": "sha512-3p9zj0cEHbp7NVUxEYUWjQlffXqnXaZIMPkAO7HhFh8u5636xLRDHOUo2vpWSK0T2mqm6fKLXYn1KP6PAZ2gKg=="
    },
    "punycode": {
      "version": "1.3.2",
      "resolved": "http://private-npm-repository.amira.services/punycode/-/punycode-1.3.2.tgz",
      "integrity": "sha1-llOgNvt8HuQjQvIyXM7v6jkmxI0="
    },
    "querystring": {
      "version": "0.2.0",
      "resolved": "http://private-npm-repository.amira.services/querystring/-/querystring-0.2.0.tgz",
      "integrity": "sha1-sgmEkgO7Jd+CDadW50cAWHhSFiA="
    },
    "randombytes": {
      "version": "2.1.0",
      "resolved": "http://private-npm-repository.amira.services/randombytes/-/randombytes-2.1.0.tgz",
      "integrity": "sha512-vYl3iOX+4CKUWuxGi9Ukhie6fsqXqS9FE2Zaic4tNFD2N2QQaXOMFbuKK4QmDHC0JO6B1Zp41J0LpT0oR68amQ==",
      "dev": true,
      "requires": {
        "safe-buffer": "^5.1.0"
      }
    },
    "safe-buffer": {
      "version": "5.2.1",
      "resolved": "http://private-npm-repository.amira.services/safe-buffer/-/safe-buffer-5.2.1.tgz",
      "integrity": "sha512-rp3So07KcdmmKbGvgaNxQSJr7bGVSVk5S9Eq1F+ppbRo70+YeaDxkw5Dd8NPN+GD6bjnYm2VuPuCXmpuYvmCXQ==",
      "dev": true
    },
    "schema-utils": {
      "version": "3.1.1",
      "resolved": "http://private-npm-repository.amira.services/schema-utils/-/schema-utils-3.1.1.tgz",
      "integrity": "sha512-Y5PQxS4ITlC+EahLuXaY86TXfR7Dc5lw294alXOq86JAHCihAIZfqv8nNCWvaEJvaC51uN9hbLGeV0cFBdH+Fw==",
      "dev": true,
      "requires": {
        "@types/json-schema": "^7.0.8",
        "ajv": "^6.12.5",
        "ajv-keywords": "^3.5.2"
      }
    },
    "serialize-javascript": {
      "version": "6.0.0",
      "resolved": "http://private-npm-repository.amira.services/serialize-javascript/-/serialize-javascript-6.0.0.tgz",
      "integrity": "sha512-Qr3TosvguFt8ePWqsvRfrKyQXIiW+nGbYpy8XK24NQHE83caxWt+mIymTT19DGFbNWNLfEwsrkSmN64lVWB9ag==",
      "dev": true,
      "requires": {
        "randombytes": "^2.1.0"
      }
    },
    "source-map": {
      "version": "0.6.1",
      "resolved": "http://private-npm-repository.amira.services/source-map/-/source-map-0.6.1.tgz",
      "integrity": "sha512-UjgapumWlbMhkBgzT7Ykc5YXUT46F0iKu8SGXq0bcwP5dz/h0Plj6enJqjz1Zbq2l5WaqYnrVbwWOWMyF3F47g==",
      "dev": true
    },
    "source-map-support": {
      "version": "0.5.20",
      "resolved": "http://private-npm-repository.amira.services/source-map-support/-/source-map-support-0.5.20.tgz",
      "integrity": "sha512-n1lZZ8Ve4ksRqizaBQgxXDgKwttHDhyfQjA6YZZn8+AroHbsIz+JjwxQDxbp+7y5OYCI8t1Yk7etjD9CRd2hIw==",
      "dev": true,
      "requires": {
        "buffer-from": "^1.0.0",
        "source-map": "^0.6.0"
      }
    },
    "supports-color": {
      "version": "8.1.1",
      "resolved": "http://private-npm-repository.amira.services/supports-color/-/supports-color-8.1.1.tgz",
      "integrity": "sha512-MpUEN2OodtUzxvKQl72cUF7RQ5EiHsGvSsVG0ia9c5RbWGL2CI4C7EpPS8UTBIplnlzZiNuV56w+FuNxy3ty2Q==",
      "dev": true,
      "requires": {
        "has-flag": "^4.0.0"
      }
    },
    "tapable": {
      "version": "2.2.1",
      "resolved": "http://private-npm-repository.amira.services/tapable/-/tapable-2.2.1.tgz",
      "integrity": "sha512-GNzQvQTOIP6RyTfE2Qxb8ZVlNmw0n88vp1szwWRimP02mnTsx3Wtn5qRdqY9w2XduFNUgvOwhNnQsjwCp+kqaQ==",
      "dev": true
    },
    "terser": {
      "version": "5.9.0",
      "resolved": "http://private-npm-repository.amira.services/terser/-/terser-5.9.0.tgz",
      "integrity": "sha512-h5hxa23sCdpzcye/7b8YqbE5OwKca/ni0RQz1uRX3tGh8haaGHqcuSqbGRybuAKNdntZ0mDgFNXPJ48xQ2RXKQ==",
      "dev": true,
      "requires": {
        "commander": "^2.20.0",
        "source-map": "~0.7.2",
        "source-map-support": "~0.5.20"
      },
      "dependencies": {
        "source-map": {
          "version": "0.7.3",
          "resolved": "http://private-npm-repository.amira.services/source-map/-/source-map-0.7.3.tgz",
          "integrity": "sha512-CkCj6giN3S+n9qrYiBTX5gystlENnRW5jZeNLHpe6aue+SrHcG5VYwujhW9s4dY31mEGsxBDrHR6oI69fTXsaQ==",
          "dev": true
        }
      }
    },
    "terser-webpack-plugin": {
      "version": "5.2.4",
      "resolved": "http://private-npm-repository.amira.services/terser-webpack-plugin/-/terser-webpack-plugin-5.2.4.tgz",
      "integrity": "sha512-E2CkNMN+1cho04YpdANyRrn8CyN4yMy+WdFKZIySFZrGXZxJwJP6PMNGGc/Mcr6qygQHUUqRxnAPmi0M9f00XA==",
      "dev": true,
      "requires": {
        "jest-worker": "^27.0.6",
        "p-limit": "^3.1.0",
        "schema-utils": "^3.1.1",
        "serialize-javascript": "^6.0.0",
        "source-map": "^0.6.1",
        "terser": "^5.7.2"
      }
    },
    "uri-js": {
      "version": "4.4.1",
      "resolved": "http://private-npm-repository.amira.services/uri-js/-/uri-js-4.4.1.tgz",
      "integrity": "sha512-7rKUyy33Q1yc98pQ1DAmLtwX109F7TIfWlW1Ydo8Wl1ii1SeHieeh0HHfPeL2fMXK6z0s8ecKs9frCuLJvndBg==",
      "dev": true,
      "requires": {
        "punycode": "^2.1.0"
      },
      "dependencies": {
        "punycode": {
          "version": "2.1.1",
          "resolved": "http://private-npm-repository.amira.services/punycode/-/punycode-2.1.1.tgz",
          "integrity": "sha512-XRsRjdf+j5ml+y/6GKHPZbrF/8p2Yga0JPtdqTIY2Xe5ohJPD9saDJJLPvp9+NSBprVvevdXZybnj2cv8OEd0A==",
          "dev": true
        }
      }
    },
    "url": {
      "version": "0.11.0",
      "resolved": "http://private-npm-repository.amira.services/url/-/url-0.11.0.tgz",
      "integrity": "sha1-ODjpfPxgUh63PFJajlW/3Z4uKPE=",
      "requires": {
        "punycode": "1.3.2",
        "querystring": "0.2.0"
      }
    },
    "watchpack": {
      "version": "2.2.0",
      "resolved": "http://private-npm-repository.amira.services/watchpack/-/watchpack-2.2.0.tgz",
      "integrity": "sha512-up4YAn/XHgZHIxFBVCdlMiWDj6WaLKpwVeGQk2I5thdYxF/KmF0aaz6TfJZ/hfl1h/XlcDr7k1KH7ThDagpFaA==",
      "dev": true,
      "requires": {
        "glob-to-regexp": "^0.4.1",
        "graceful-fs": "^4.1.2"
      }
    },
    "webpack": {
      "version": "5.59.1",
      "resolved": "http://private-npm-repository.amira.services/webpack/-/webpack-5.59.1.tgz",
      "integrity": "sha512-I01IQV9K96FlpXX3V0L4nvd7gb0r7thfuu1IfT2P4uOHOA77nKARAKDYGe/tScSHKnffNIyQhLC8kRXzY4KEHQ==",
      "dev": true,
      "requires": {
        "@types/eslint-scope": "^3.7.0",
        "@types/estree": "^0.0.50",
        "@webassemblyjs/ast": "1.11.1",
        "@webassemblyjs/wasm-edit": "1.11.1",
        "@webassemblyjs/wasm-parser": "1.11.1",
        "acorn": "^8.4.1",
        "acorn-import-assertions": "^1.7.6",
        "browserslist": "^4.14.5",
        "chrome-trace-event": "^1.0.2",
        "enhanced-resolve": "^5.8.3",
        "es-module-lexer": "^0.9.0",
        "eslint-scope": "5.1.1",
        "events": "^3.2.0",
        "glob-to-regexp": "^0.4.1",
        "graceful-fs": "^4.2.4",
        "json-parse-better-errors": "^1.0.2",
        "loader-runner": "^4.2.0",
        "mime-types": "^2.1.27",
        "neo-async": "^2.6.2",
        "schema-utils": "^3.1.0",
        "tapable": "^2.1.1",
        "terser-webpack-plugin": "^5.1.3",
        "watchpack": "^2.2.0",
        "webpack-sources": "^3.2.0"
      }
    },
    "webpack-sources": {
      "version": "3.2.1",
      "resolved": "http://private-npm-repository.amira.services/webpack-sources/-/webpack-sources-3.2.1.tgz",
      "integrity": "sha512-t6BMVLQ0AkjBOoRTZgqrWm7xbXMBzD+XDq2EZ96+vMfn3qKgsvdXZhbPZ4ElUOpdv4u+iiGe+w3+J75iy/bYGA==",
      "dev": true
    },
    "yocto-queue": {
      "version": "0.1.0",
      "resolved": "http://private-npm-repository.amira.services/yocto-queue/-/yocto-queue-0.1.0.tgz",
      "integrity": "sha512-rVksvsnNCdJ/ohGc6xgPwyN8eheCxsiLM8mxuE/t/mOVqJewPuO1miLpTHQiRgTKCLexL4MeAFVagts7HmNZ2Q==",
      "dev": true
    }
  }
}
